
Microsoft Visual Studio Solution File, Format Version 12.00
# Visual Studio Version 17
VisualStudioVersion = 17.5.33424.131
MinimumVisualStudioVersion = 10.0.40219.1
Project("{9A19103F-16F7-4668-BE54-9A1E7A4F7556}") = "MagicVilla_VillaAPI", "MagicVilla_VillaAPI\MagicVilla_VillaAPI.csproj", "{4C921358-F3F7-49B9-90EA-D60AA8EE7B7E}"
EndProject
Project("{FAE04EC0-301F-11D3-BF4B-00C04F79EFBC}") = "MagicVilla_Web", "MagicVilla_Web\MagicVilla_Web.csproj", "{0AA8AD80-FD95-4748-B64F-B66865619B32}"
EndProject
Project("{FAE04EC0-301F-11D3-BF4B-00C04F79EFBC}") = "MagicVilla_Utility", "MagicVilla_Utility\MagicVilla_Utility.csproj", "{129BA00F-0ACA-4F4D-86DD-65D475D87D5E}"
EndProject
Global
	GlobalSection(SolutionConfigurationPlatforms) = preSolution
		Debug|Any CPU = Debug|Any CPU
		Release|Any CPU = Release|Any CPU
	EndGlobalSection
	GlobalSection(ProjectConfigurationPlatforms) = postSolution
		{4C921358-F3F7-49B9-90EA-D60AA8EE7B7E}.Debug|Any CPU.ActiveCfg = Debug|Any CPU
		{4C921358-F3F7-49B9-90EA-D60AA8EE7B7E}.Debug|Any CPU.Build.0 = Debug|Any CPU
		{4C921358-F3F7-49B9-90EA-D60AA8EE7B7E}.Release|Any CPU.ActiveCfg = Release|Any CPU
		{4C921358-F3F7-49B9-90EA-D60AA8EE7B7E}.Release|Any CPU.Build.0 = Release|Any CPU
		{0AA8AD80-FD95-4748-B64F-B66865619B32}.Debug|Any CPU.ActiveCfg = Debug|Any CPU
		{0AA8AD80-FD95-4748-B64F-B66865619B32}.Debug|Any CPU.Build.0 = Debug|Any CPU
		{0AA8AD80-FD95-4748-B64F-B66865619B32}.Release|Any CPU.ActiveCfg = Release|Any CPU
		{0AA8AD80-FD95-4748-B64F-B66865619B32}.Release|Any CPU.Build.0 = Release|Any CPU
		{129BA00F-0ACA-4F4D-86DD-65D475D87D5E}.Debug|Any CPU.ActiveCfg = Debug|Any CPU
		{129BA00F-0ACA-4F4D-86DD-65D475D87D5E}.Debug|Any CPU.Build.0 = Debug|Any CPU
		{129BA00F-0ACA-4F4D-86DD-65D475D87D5E}.Release|Any CPU.ActiveCfg = Release|Any CPU
		{129BA00F-0ACA-4F4D-86DD-65D475D87D5E}.Release|Any CPU.Build.0 = Release|Any CPU
	EndGlobalSection
	GlobalSection(SolutionProperties) = preSolution
		HideSolutionNode = FALSE
	EndGlobalSection
	GlobalSection(ExtensibilityGlobals) = postSolution
		SolutionGuid = {76D3E4DA-EC62-4D4C-8018-5091A88C339C}
	EndGlobalSection
EndGlobal
